Microsoft Visual Studio Solution File, Format Version 12.00
# Visual Studio Version 17
VisualStudioVersion = 17.5.2.0
MinimumVisualStudioVersion = 10.0.40219.1
Project("{FAE04EC0-301F-11D3-BF4B-00C04F79EFBC}") = "IntroducaoPoo", "IntroducaoPoo.csproj", "{FC85CD1D-199E-4706-63DB-CC6B5609CC56}"
EndProject
Global
	GlobalSection(SolutionConfigurationPlatforms) = preSolution
		Debug|Any CPU = Debug|Any CPU
		Release|Any CPU = Release|Any CPU
	EndGlobalSection
	GlobalSection(ProjectConfigurationPlatforms) = postSolution
		{FC85CD1D-199E-4706-63DB-CC6B5609CC56}.Debug|Any CPU.ActiveCfg = Debug|Any CPU
		{FC85CD1D-199E-4706-63DB-CC6B5609CC56}.Debug|Any CPU.Build.0 = Debug|Any CPU
		{FC85CD1D-199E-4706-63DB-CC6B5609CC56}.Release|Any CPU.ActiveCfg = Release|Any CPU
		{FC85CD1D-199E-4706-63DB-CC6B5609CC56}.Release|Any CPU.Build.0 = Release|Any CPU
	EndGlobalSection
	GlobalSection(SolutionProperties) = preSolution
		HideSolutionNode = FALSE
	EndGlobalSection
	GlobalSection(ExtensibilityGlobals) = postSolution
		SolutionGuid = {971A0CEC-51BE-4782-9B90-D50721323D9E}
	EndGlobalSection
EndGlobal
