Microsoft Visual Studio Solution File, Format Version 12.00
# Visual Studio Version 17
VisualStudioVersion = 17.5.2.0
MinimumVisualStudioVersion = 10.0.40219.1
Project("{FAE04EC0-301F-11D3-BF4B-00C04F79EFBC}") = "LoopsArrays", "LoopsArrays\LoopsArrays.csproj", "{0DF587B7-530A-D75A-2888-AA766605343B}"
EndProject
Global
	GlobalSection(SolutionConfigurationPlatforms) = preSolution
		Debug|Any CPU = Debug|Any CPU
		Release|Any CPU = Release|Any CPU
	EndGlobalSection
	GlobalSection(ProjectConfigurationPlatforms) = postSolution
		{0DF587B7-530A-D75A-2888-AA766605343B}.Debug|Any CPU.ActiveCfg = Debug|Any CPU
		{0DF587B7-530A-D75A-2888-AA766605343B}.Debug|Any CPU.Build.0 = Debug|Any CPU
		{0DF587B7-530A-D75A-2888-AA766605343B}.Release|Any CPU.ActiveCfg = Release|Any CPU
		{0DF587B7-530A-D75A-2888-AA766605343B}.Release|Any CPU.Build.0 = Release|Any CPU
	EndGlobalSection
	GlobalSection(SolutionProperties) = preSolution
		HideSolutionNode = FALSE
	EndGlobalSection
	GlobalSection(ExtensibilityGlobals) = postSolution
		SolutionGuid = {297BF556-980B-430F-8BB2-622C07D55026}
	EndGlobalSection
EndGlobal
